
Microsoft Visual Studio Solution File, Format Version 12.00
# Visual Studio 14
VisualStudioVersion = 14.0.25420.1
MinimumVisualStudioVersion = 10.0.40219.1
Project("{FAE04EC0-301F-11D3-BF4B-00C04F79EFBC}") = "ExcelSolver", "ExcelSolver\ExcelSolver.csproj", "{648EED7D-96D2-4A9D-9629-CE1BBC6B723B}"
EndProject
Project("{FAE04EC0-301F-11D3-BF4B-00C04F79EFBC}") = "Solver", "Solver\Solver.csproj", "{963C25CA-82A9-4B2C-9292-5753A44C6CD8}"
EndProject
Global
	GlobalSection(SolutionConfigurationPlatforms) = preSolution
		Debug|Any CPU = Debug|Any CPU
		Release|Any CPU = Release|Any CPU
	EndGlobalSection
	GlobalSection(ProjectConfigurationPlatforms) = postSolution
		{648EED7D-96D2-4A9D-9629-CE1BBC6B723B}.Debug|Any CPU.ActiveCfg = Debug|Any CPU
		{648EED7D-96D2-4A9D-9629-CE1BBC6B723B}.Debug|Any CPU.Build.0 = Debug|Any CPU
		{648EED7D-96D2-4A9D-9629-CE1BBC6B723B}.Release|Any CPU.ActiveCfg = Release|Any CPU
		{648EED7D-96D2-4A9D-9629-CE1BBC6B723B}.Release|Any CPU.Build.0 = Release|Any CPU
		{963C25CA-82A9-4B2C-9292-5753A44C6CD8}.Debug|Any CPU.ActiveCfg = Debug|Any CPU
		{963C25CA-82A9-4B2C-9292-5753A44C6CD8}.Debug|Any CPU.Build.0 = Debug|Any CPU
		{963C25CA-82A9-4B2C-9292-5753A44C6CD8}.Release|Any CPU.ActiveCfg = Release|Any CPU
		{963C25CA-82A9-4B2C-9292-5753A44C6CD8}.Release|Any CPU.Build.0 = Release|Any CPU
	EndGlobalSection
	GlobalSection(SolutionProperties) = preSolution
		HideSolutionNode = FALSE
	EndGlobalSection
	GlobalSection(ExtensibilityGlobals) = postSolution
		SolutionGuid = {497ADC33-F794-423D-A24F-861C7AF14924}
	EndGlobalSection
EndGlobal
